{
  "version": 4,
  "terraform_version": "1.6.0",
  "serial": 18,
  "lineage": "437739e6-42e5-77b6-ce4b-654f0557665f",
  "outputs": {},
  "resources": [
    {
      "mode": "data",
      "type": "google_project",
      "name": "project",
      "provider": "provider[\"registry.terraform.io/hashicorp/google\"]",
      "instances": [
        {
          "schema_version": 0,
          "attributes": {
            "auto_create_network": null,
            "billing_account": "01E7D4-14A26D-8E8B47",
            "effective_labels": {
              "fleet": "gcpd"
            },
            "folder_id": "125430737939",
            "id": "projects/qwiklabs-gcp-02-45f2a83d398e",
            "labels": {
              "fleet": "gcpd"
            },
            "name": "qwiklabs-gcp-02-45f2a83d398e",
            "number": "811890864337",
            "org_id": "",
            "project_id": "qwiklabs-gcp-02-45f2a83d398e",
            "skip_delete": null,
            "terraform_labels": {
              "fleet": "gcpd"
            }
          },
          "sensitive_attributes": []
        }
      ]
    },
    {
      "mode": "managed",
      "type": "google_composer_environment",
      "name": "example_environment",
      "provider": "provider[\"registry.terraform.io/hashicorp/google\"]",
      "instances": [
        {
          "schema_version": 0,
          "attributes": {
            "config": [
              {
                "airflow_uri": "https://c7d6a79485a34daf8efc0d2a213b75a7-dot-europe-west1.composer.googleusercontent.com",
                "dag_gcs_prefix": "gs://europe-west1-eric-lab-1-env-77ef82f5-bucket/dags",
                "database_config": [
                  {
                    "machine_type": ""
                  }
                ],
                "encryption_config": [
                  {
                    "kms_key_name": ""
                  }
                ],
                "environment_size": "ENVIRONMENT_SIZE_SMALL",
                "gke_cluster": "projects/qwiklabs-gcp-02-45f2a83d398e/locations/europe-west1/clusters/europe-west1-eric-lab-1-env-77ef82f5-gke",
                "maintenance_window": [
                  {
                    "end_time": "1970-01-01T04:00:00Z",
                    "recurrence": "FREQ=WEEKLY;BYDAY=FR,SA,SU",
                    "start_time": "1970-01-01T00:00:00Z"
                  }
                ],
                "master_authorized_networks_config": [],
                "node_config": [
                  {
                    "disk_size_gb": 0,
                    "enable_ip_masq_agent": false,
                    "ip_allocation_policy": [
                      {
                        "cluster_ipv4_cidr_block": "",
                        "cluster_secondary_range_name": "",
                        "services_ipv4_cidr_block": "",
                        "services_secondary_range_name": "",
                        "use_ip_aliases": false
                      }
                    ],
                    "machine_type": "",
                    "network": "projects/qwiklabs-gcp-02-45f2a83d398e/global/networks/composer-test-network",
                    "oauth_scopes": [],
                    "service_account": "custom-service-account@qwiklabs-gcp-02-45f2a83d398e.iam.gserviceaccount.com",
                    "subnetwork": "projects/qwiklabs-gcp-02-45f2a83d398e/regions/europe-west1/subnetworks/composer-test-subnetwork",
                    "tags": null,
                    "zone": ""
                  }
                ],
                "node_count": 0,
                "private_environment_config": [
                  {
                    "cloud_composer_connection_subnetwork": "",
                    "cloud_composer_network_ipv4_cidr_block": "172.31.251.0/24",
                    "cloud_sql_ipv4_cidr_block": "10.0.0.0/12",
                    "connection_type": "",
                    "enable_private_endpoint": false,
                    "enable_privately_used_public_ips": false,
                    "master_ipv4_cidr_block": "",
                    "web_server_ipv4_cidr_block": ""
                  }
                ],
                "recovery_config": [],
                "resilience_mode": "STANDARD_RESILIENCE",
                "software_config": [
                  {
                    "airflow_config_overrides": {},
                    "env_variables": {},
                    "image_version": "composer-2.4.6-airflow-2.5.3",
                    "pypi_packages": {},
                    "python_version": "",
                    "scheduler_count": 0
                  }
                ],
                "web_server_config": [],
                "web_server_network_access_control": [
                  {
                    "allowed_ip_range": [
                      {
                        "description": "Allows access from all IPv4 addresses (default value)",
                        "value": "0.0.0.0/0"
                      },
                      {
                        "description": "Allows access from all IPv6 addresses (default value)",
                        "value": "::0/0"
                      }
                    ]
                  }
                ],
                "workloads_config": [
                  {
                    "scheduler": [
                      {
                        "count": 1,
                        "cpu": 0.5,
                        "memory_gb": 2,
                        "storage_gb": 1
                      }
                    ],
                    "web_server": [
                      {
                        "cpu": 0.5,
                        "memory_gb": 2,
                        "storage_gb": 1
                      }
                    ],
                    "worker": [
                      {
                        "cpu": 0.5,
                        "max_count": 3,
                        "memory_gb": 2,
                        "min_count": 1,
                        "storage_gb": 1
                      }
                    ]
                  }
                ]
              }
            ],
            "effective_labels": {},
            "id": "projects/qwiklabs-gcp-02-45f2a83d398e/locations/europe-west1/environments/eric-lab-1-environment",
            "labels": null,
            "name": "eric-lab-1-environment",
            "project": "qwiklabs-gcp-02-45f2a83d398e",
            "region": "europe-west1",
            "terraform_labels": {},
            "timeouts": null
          },
          "sensitive_attributes": [],
          "private": "eyJlMmJmYjczMC1lY2FhLTExZTYtOGY4OC0zNDM2M2JjN2M0YzAiOnsiY3JlYXRlIjo3MjAwMDAwMDAwMDAwLCJkZWxldGUiOjE4MDAwMDAwMDAwMDAsInVwZGF0ZSI6NzIwMDAwMDAwMDAwMH19",
          "dependencies": [
            "google_compute_network.test",
            "google_compute_subnetwork.test",
            "google_service_account.custom_service_account"
          ]
        }
      ]
    },
    {
      "mode": "managed",
      "type": "google_compute_network",
      "name": "test",
      "provider": "provider[\"registry.terraform.io/hashicorp/google\"]",
      "instances": [
        {
          "schema_version": 0,
          "attributes": {
            "auto_create_subnetworks": false,
            "delete_default_routes_on_create": false,
            "description": "",
            "enable_ula_internal_ipv6": false,
            "gateway_ipv4": "",
            "id": "projects/qwiklabs-gcp-02-45f2a83d398e/global/networks/composer-test-network",
            "internal_ipv6_range": "",
            "mtu": 0,
            "name": "composer-test-network",
            "network_firewall_policy_enforcement_order": "AFTER_CLASSIC_FIREWALL",
            "project": "qwiklabs-gcp-02-45f2a83d398e",
            "routing_mode": "REGIONAL",
            "self_link": "https://www.googleapis.com/compute/v1/projects/qwiklabs-gcp-02-45f2a83d398e/global/networks/composer-test-network",
            "timeouts": null
          },
          "sensitive_attributes": [],
          "private": "eyJlMmJmYjczMC1lY2FhLTExZTYtOGY4OC0zNDM2M2JjN2M0YzAiOnsiY3JlYXRlIjoxMjAwMDAwMDAwMDAwLCJkZWxldGUiOjEyMDAwMDAwMDAwMDAsInVwZGF0ZSI6MTIwMDAwMDAwMDAwMH19"
        }
      ]
    },
    {
      "mode": "managed",
      "type": "google_compute_subnetwork",
      "name": "test",
      "provider": "provider[\"registry.terraform.io/hashicorp/google\"]",
      "instances": [
        {
          "schema_version": 0,
          "attributes": {
            "creation_timestamp": "2023-10-19T03:05:22.470-07:00",
            "description": "",
            "external_ipv6_prefix": "",
            "fingerprint": null,
            "gateway_address": "10.2.0.1",
            "id": "projects/qwiklabs-gcp-02-45f2a83d398e/regions/europe-west1/subnetworks/composer-test-subnetwork",
            "internal_ipv6_prefix": "",
            "ip_cidr_range": "10.2.0.0/16",
            "ipv6_access_type": "",
            "ipv6_cidr_range": "",
            "log_config": [],
            "name": "composer-test-subnetwork",
            "network": "https://www.googleapis.com/compute/v1/projects/qwiklabs-gcp-02-45f2a83d398e/global/networks/composer-test-network",
            "private_ip_google_access": false,
            "private_ipv6_google_access": "DISABLE_GOOGLE_ACCESS",
            "project": "qwiklabs-gcp-02-45f2a83d398e",
            "purpose": "PRIVATE",
            "region": "europe-west1",
            "role": "",
            "secondary_ip_range": [],
            "self_link": "https://www.googleapis.com/compute/v1/projects/qwiklabs-gcp-02-45f2a83d398e/regions/europe-west1/subnetworks/composer-test-subnetwork",
            "stack_type": "IPV4_ONLY",
            "timeouts": null
          },
          "sensitive_attributes": [],
          "private": "eyJlMmJmYjczMC1lY2FhLTExZTYtOGY4OC0zNDM2M2JjN2M0YzAiOnsiY3JlYXRlIjoxMjAwMDAwMDAwMDAwLCJkZWxldGUiOjEyMDAwMDAwMDAwMDAsInVwZGF0ZSI6MTIwMDAwMDAwMDAwMH19",
          "dependencies": [
            "google_compute_network.test"
          ]
        }
      ]
    },
    {
      "mode": "managed",
      "type": "google_project_iam_member",
      "name": "custom_service_account",
      "provider": "provider[\"registry.terraform.io/hashicorp/google\"]",
      "instances": [
        {
          "schema_version": 0,
          "attributes": {
            "condition": [],
            "etag": "BwYIDkLJEXY=",
            "id": "qwiklabs-gcp-02-45f2a83d398e/roles/composer.worker/serviceAccount:custom-service-account@qwiklabs-gcp-02-45f2a83d398e.iam.gserviceaccount.com",
            "member": "serviceAccount:custom-service-account@qwiklabs-gcp-02-45f2a83d398e.iam.gserviceaccount.com",
            "project": "qwiklabs-gcp-02-45f2a83d398e",
            "role": "roles/composer.worker"
          },
          "sensitive_attributes": [],
          "private": "bnVsbA==",
          "dependencies": [
            "google_service_account.custom_service_account"
          ]
        }
      ]
    },
    {
      "mode": "managed",
      "type": "google_project_service",
      "name": "cloud_build_api",
      "provider": "provider[\"registry.terraform.io/hashicorp/google\"]",
      "instances": [
        {
          "schema_version": 0,
          "attributes": {
            "disable_dependent_services": null,
            "disable_on_destroy": false,
            "id": "qwiklabs-gcp-02-45f2a83d398e/cloudbuild.googleapis.com",
            "project": "qwiklabs-gcp-02-45f2a83d398e",
            "service": "cloudbuild.googleapis.com",
            "timeouts": null
          },
          "sensitive_attributes": [],
          "private": "eyJlMmJmYjczMC1lY2FhLTExZTYtOGY4OC0zNDM2M2JjN2M0YzAiOnsiY3JlYXRlIjoxMjAwMDAwMDAwMDAwLCJkZWxldGUiOjEyMDAwMDAwMDAwMDAsInJlYWQiOjYwMDAwMDAwMDAwMCwidXBkYXRlIjoxMjAwMDAwMDAwMDAwfX0="
        }
      ]
    },
    {
      "mode": "managed",
      "type": "google_project_service",
      "name": "composer_api",
      "provider": "provider[\"registry.terraform.io/hashicorp/google\"]",
      "instances": [
        {
          "schema_version": 0,
          "attributes": {
            "disable_dependent_services": null,
            "disable_on_destroy": false,
            "id": "qwiklabs-gcp-02-45f2a83d398e/composer.googleapis.com",
            "project": "qwiklabs-gcp-02-45f2a83d398e",
            "service": "composer.googleapis.com",
            "timeouts": null
          },
          "sensitive_attributes": [],
          "private": "eyJlMmJmYjczMC1lY2FhLTExZTYtOGY4OC0zNDM2M2JjN2M0YzAiOnsiY3JlYXRlIjoxMjAwMDAwMDAwMDAwLCJkZWxldGUiOjEyMDAwMDAwMDAwMDAsInJlYWQiOjYwMDAwMDAwMDAwMCwidXBkYXRlIjoxMjAwMDAwMDAwMDAwfX0="
        }
      ]
    },
    {
      "mode": "managed",
      "type": "google_project_service",
      "name": "secret_manager_api",
      "provider": "provider[\"registry.terraform.io/hashicorp/google\"]",
      "instances": [
        {
          "schema_version": 0,
          "attributes": {
            "disable_dependent_services": null,
            "disable_on_destroy": false,
            "id": "qwiklabs-gcp-02-45f2a83d398e/secretmanager.googleapis.com",
            "project": "qwiklabs-gcp-02-45f2a83d398e",
            "service": "secretmanager.googleapis.com",
            "timeouts": null
          },
          "sensitive_attributes": [],
          "private": "eyJlMmJmYjczMC1lY2FhLTExZTYtOGY4OC0zNDM2M2JjN2M0YzAiOnsiY3JlYXRlIjoxMjAwMDAwMDAwMDAwLCJkZWxldGUiOjEyMDAwMDAwMDAwMDAsInJlYWQiOjYwMDAwMDAwMDAwMCwidXBkYXRlIjoxMjAwMDAwMDAwMDAwfX0="
        }
      ]
    },
    {
      "mode": "managed",
      "type": "google_service_account",
      "name": "custom_service_account",
      "provider": "provider[\"registry.terraform.io/hashicorp/google\"]",
      "instances": [
        {
          "schema_version": 0,
          "attributes": {
            "account_id": "custom-service-account",
            "description": "",
            "disabled": false,
            "display_name": "Terraform Custom Service Account",
            "email": "custom-service-account@qwiklabs-gcp-02-45f2a83d398e.iam.gserviceaccount.com",
            "id": "projects/qwiklabs-gcp-02-45f2a83d398e/serviceAccounts/custom-service-account@qwiklabs-gcp-02-45f2a83d398e.iam.gserviceaccount.com",
            "member": "serviceAccount:custom-service-account@qwiklabs-gcp-02-45f2a83d398e.iam.gserviceaccount.com",
            "name": "projects/qwiklabs-gcp-02-45f2a83d398e/serviceAccounts/custom-service-account@qwiklabs-gcp-02-45f2a83d398e.iam.gserviceaccount.com",
            "project": "qwiklabs-gcp-02-45f2a83d398e",
            "timeouts": null,
            "unique_id": "112563616474820094503"
          },
          "sensitive_attributes": [],
          "private": "eyJlMmJmYjczMC1lY2FhLTExZTYtOGY4OC0zNDM2M2JjN2M0YzAiOnsiY3JlYXRlIjozMDAwMDAwMDAwMDB9fQ=="
        }
      ]
    },
    {
      "mode": "managed",
      "type": "google_service_account_iam_member",
      "name": "custom_service_account",
      "provider": "provider[\"registry.terraform.io/hashicorp/google\"]",
      "instances": [
        {
          "schema_version": 0,
          "attributes": {
            "condition": [],
            "etag": "BwYIDitYny0=",
            "id": "projects/qwiklabs-gcp-02-45f2a83d398e/serviceAccounts/custom-service-account@qwiklabs-gcp-02-45f2a83d398e.iam.gserviceaccount.com/roles/composer.ServiceAgentV2Ext/serviceAccount:service-811890864337@cloudcomposer-accounts.iam.gserviceaccount.com",
            "member": "serviceAccount:service-811890864337@cloudcomposer-accounts.iam.gserviceaccount.com",
            "role": "roles/composer.ServiceAgentV2Ext",
            "service_account_id": "projects/qwiklabs-gcp-02-45f2a83d398e/serviceAccounts/custom-service-account@qwiklabs-gcp-02-45f2a83d398e.iam.gserviceaccount.com"
          },
          "sensitive_attributes": [],
          "private": "bnVsbA==",
          "dependencies": [
            "data.google_project.project",
            "google_project_service.composer_api",
            "google_service_account.custom_service_account"
          ]
        }
      ]
    }
  ],
  "check_results": null
}
